<?xml version="1.0" encoding="utf-8"?>
<Project ToolsVersion="4.0" xmlns="http://schemas.microsoft.com/developer/msbuild/2003">
  <ItemGroup>
    <Filter Include="Source Files">
      <UniqueIdentifier>{4FC737F1-C7A5-4376-A066-2A32D752A2FF}</UniqueIdentifier>
      <Extensions>cpp;c;cc;cxx;c++;cppm;ixx;def;odl;idl;hpj;bat;asm;asmx</Extensions>
    </Filter>
    <Filter Include="Header Files">
      <UniqueIdentifier>{93995380-89BD-4b04-88EB-625FBE52EBFB}</UniqueIdentifier>
      <Extensions>h;hh;hpp;hxx;h++;hm;inl;inc;ipp;xsd</Extensions>
    </Filter>
    <Filter Include="Resource Files">
      <UniqueIdentifier>{67DA6AB6-F800-4c08-8B7A-83BB121AAD01}</UniqueIdentifier>
      <Extensions>rc;ico;cur;bmp;dlg;rc2;rct;bin;rgs;gif;jpg;jpeg;jpe;resx;tiff;tif;png;wav;mfcribbon-ms</Extensions>
    </Filter>
    <Filter Include="dependencies">
      <UniqueIdentifier>{43b73062-5d9e-4f41-8f9c-27c9fe6449c1}</UniqueIdentifier>
    </Filter>
    <Filter Include="simple_scene">
      <UniqueIdentifier>{5d6e0f37-be74-4ce8-b276-8d6b4fa3adb7}</UniqueIdentifier>
    </Filter>
    <Filter Include="simple_scene\src">
      <UniqueIdentifier>{44b8b8bd-40e0-47cb-b7b6-dbfca60b3f5e}</UniqueIdentifier>
    </Filter>
    <Filter Include="simple_scene\headers">
      <UniqueIdentifier>{4ae073e3-3536-4401-9394-bc901f87d80f}</UniqueIdentifier>
    </Filter>
    <Filter Include="tester">
      <UniqueIdentifier>{a9bebb86-dd57-4e07-8de3-a96334f7a2db}</UniqueIdentifier>
    </Filter>
  </ItemGroup>
  <ItemGroup>
    <ClCompile Include="dependencies\include\glad.c">
      <Filter>dependencies</Filter>
    </ClCompile>
    <ClCompile Include="dependencies\include\stb\stb_image.cpp">
      <Filter>dependencies</Filter>
    </ClCompile>
    <ClCompile Include="src\main.cpp">
      <Filter>Source Files</Filter>
    </ClCompile>
    <ClCompile Include="src\simple_scene\Shader\Shader.cpp">
      <Filter>simple_scene\src</Filter>
    </ClCompile>
    <ClCompile Include="src\simple_scene\Texture\Texture.cpp">
      <Filter>simple_scene\src</Filter>
    </ClCompile>
    <ClCompile Include="src\simple_scene\TextureManager\TextureManager.cpp">
      <Filter>simple_scene\src</Filter>
    </ClCompile>
    <ClCompile Include="src\Lab4_textured_box.cpp">
      <Filter>tester</Filter>
    </ClCompile>
    <ClCompile Include="src\GeometryBuilder\GeometryBuilder.cpp">
      <Filter>tester</Filter>
    </ClCompile>
  </ItemGroup>
  <ItemGroup>
    <ClInclude Include="include\GLCommon.h">
      <Filter>Header Files</Filter>
    </ClInclude>
    <ClInclude Include="src\simple_scene\Shader\Shader.h">
      <Filter>simple_scene\headers</Filter>
    </ClInclude>
    <ClInclude Include="src\simple_scene\Texture\Texture.h">
      <Filter>simple_scene\headers</Filter>
    </ClInclude>
    <ClInclude Include="src\simple_scene\TextureManager\TextureManager.h">
      <Filter>simple_scene\headers</Filter>
    </ClInclude>
    <ClInclude Include="src\GeometryBuilder\GeometryBuilder.h">
      <Filter>tester</Filter>
    </ClInclude>
  </ItemGroup>
</Project>